
Microsoft Visual Studio Solution File, Format Version 12.00
# Visual Studio Version 16
VisualStudioVersion = 16.0.29609.76
MinimumVisualStudioVersion = 10.0.40219.1
Project("{9A19103F-16F7-4668-BE54-9A1E7A4F7556}") = "MyCloudStoreLib", "MyCloudStoreLib\MyCloudStoreLib.csproj", "{1F5A3BB2-3EE0-4D70-9A20-A6EDDA8A05AC}"
EndProject
Project("{FAE04EC0-301F-11D3-BF4B-00C04F79EFBC}") = "MyCloudStoreApp", "MyCloudStoreApp\MyCloudStoreApp.csproj", "{4CDD8662-C76A-4FE4-9D34-B12AEEBC281B}"
	ProjectSection(ProjectDependencies) = postProject
		{4BB1C1A8-2794-4F97-A81E-9EB38C11E791} = {4BB1C1A8-2794-4F97-A81E-9EB38C11E791}
	EndProjectSection
EndProject
Project("{FAE04EC0-301F-11D3-BF4B-00C04F79EFBC}") = "MyCloudStoreSvc", "MyCloudStoreSvc\MyCloudStoreSvc.csproj", "{4BB1C1A8-2794-4F97-A81E-9EB38C11E791}"
EndProject
Project("{FAE04EC0-301F-11D3-BF4B-00C04F79EFBC}") = "MyCloudStoreDebug", "MyCloudStoreDebug\MyCloudStoreDebug.csproj", "{60850BCC-4C5D-4DFF-8D98-4A6D90718F88}"
EndProject
Global
	GlobalSection(SolutionConfigurationPlatforms) = preSolution
		Debug|Any CPU = Debug|Any CPU
		Release|Any CPU = Release|Any CPU
	EndGlobalSection
	GlobalSection(ProjectConfigurationPlatforms) = postSolution
		{1F5A3BB2-3EE0-4D70-9A20-A6EDDA8A05AC}.Debug|Any CPU.ActiveCfg = Debug|Any CPU
		{1F5A3BB2-3EE0-4D70-9A20-A6EDDA8A05AC}.Debug|Any CPU.Build.0 = Debug|Any CPU
		{1F5A3BB2-3EE0-4D70-9A20-A6EDDA8A05AC}.Release|Any CPU.ActiveCfg = Release|Any CPU
		{1F5A3BB2-3EE0-4D70-9A20-A6EDDA8A05AC}.Release|Any CPU.Build.0 = Release|Any CPU
		{4CDD8662-C76A-4FE4-9D34-B12AEEBC281B}.Debug|Any CPU.ActiveCfg = Debug|Any CPU
		{4CDD8662-C76A-4FE4-9D34-B12AEEBC281B}.Debug|Any CPU.Build.0 = Debug|Any CPU
		{4CDD8662-C76A-4FE4-9D34-B12AEEBC281B}.Release|Any CPU.ActiveCfg = Release|Any CPU
		{4CDD8662-C76A-4FE4-9D34-B12AEEBC281B}.Release|Any CPU.Build.0 = Release|Any CPU
		{4BB1C1A8-2794-4F97-A81E-9EB38C11E791}.Debug|Any CPU.ActiveCfg = Debug|Any CPU
		{4BB1C1A8-2794-4F97-A81E-9EB38C11E791}.Debug|Any CPU.Build.0 = Debug|Any CPU
		{4BB1C1A8-2794-4F97-A81E-9EB38C11E791}.Release|Any CPU.ActiveCfg = Release|Any CPU
		{4BB1C1A8-2794-4F97-A81E-9EB38C11E791}.Release|Any CPU.Build.0 = Release|Any CPU
		{60850BCC-4C5D-4DFF-8D98-4A6D90718F88}.Debug|Any CPU.ActiveCfg = Debug|Any CPU
		{60850BCC-4C5D-4DFF-8D98-4A6D90718F88}.Debug|Any CPU.Build.0 = Debug|Any CPU
		{60850BCC-4C5D-4DFF-8D98-4A6D90718F88}.Release|Any CPU.ActiveCfg = Release|Any CPU
		{60850BCC-4C5D-4DFF-8D98-4A6D90718F88}.Release|Any CPU.Build.0 = Release|Any CPU
	EndGlobalSection
	GlobalSection(SolutionProperties) = preSolution
		HideSolutionNode = FALSE
	EndGlobalSection
	GlobalSection(ExtensibilityGlobals) = postSolution
		SolutionGuid = {B5EA9DF6-9C90-4D6D-9C0E-0812C2EAAA57}
	EndGlobalSection
EndGlobal
